{
  "pins" : [
    {
      "identity" : "purchases-ios",
      "kind" : "remoteSourceControl",
      "location" : "https://github.com/RevenueCat/purchases-ios",
      "state" : {
        "revision" : "e20ebed21693994f76bb33d3f8efbc8002df95b7",
        "version" : "4.37.0"
      }
    }
  ],
  "version" : 2
}
