// !$*UTF8*$!
{
	archiveVersion = 1;
	classes = {
	};
	objectVersion = 56;
	objects = {

/* Begin PBXBuildFile section */
		0B0596912B9238B6006E82D1 /* PropertyList.plist in Resources */ = {isa = PBXBuildFile; fileRef = 0B0596902B9238B6006E82D1 /* PropertyList.plist */; };
		0B0596932B923970006E82D1 /* StoreKitManager.swift in Sources */ = {isa = PBXBuildFile; fileRef = 0B0596922B923970006E82D1 /* StoreKitManager.swift */; };
		0B0596952B923AD7006E82D1 /* TipJarView.swift in Sources */ = {isa = PBXBuildFile; fileRef = 0B0596942B923AD7006E82D1 /* TipJarView.swift */; };
		0B0596972B93265B006E82D1 /* ExclusiveCardView.swift in Sources */ = {isa = PBXBuildFile; fileRef = 0B0596962B93265B006E82D1 /* ExclusiveCardView.swift */; };
		0B4A8D4E2B8E26FB00A3AF90 /* ScreenshotPreventView.swift in Sources */ = {isa = PBXBuildFile; fileRef = 0B4A8D4D2B8E26FB00A3AF90 /* ScreenshotPreventView.swift */; };
		0B4A8D502B8E2CFC00A3AF90 /* CanvasView.swift in Sources */ = {isa = PBXBuildFile; fileRef = 0B4A8D4F2B8E2CFC00A3AF90 /* CanvasView.swift */; };
		0B6B02AC2B912AD80010ED6B /* ColorPresetViewModel.swift in Sources */ = {isa = PBXBuildFile; fileRef = 0B6B02AB2B912AD80010ED6B /* ColorPresetViewModel.swift */; };
		0B6B02B32B913AF80010ED6B /* ColorPreset.swift in Sources */ = {isa = PBXBuildFile; fileRef = 0B6B02B22B913AF80010ED6B /* ColorPreset.swift */; };
		0B6B02B62B913BA60010ED6B /* ColorPresentContainer.xcdatamodeld in Sources */ = {isa = PBXBuildFile; fileRef = 0B6B02B42B913BA60010ED6B /* ColorPresentContainer.xcdatamodeld */; };
		0B6B02B82B9190E20010ED6B /* SerializableColor.swift in Sources */ = {isa = PBXBuildFile; fileRef = 0B6B02B72B9190E20010ED6B /* SerializableColor.swift */; };
		0B6B02BA2B9197920010ED6B /* ColorRawValue.swift in Sources */ = {isa = PBXBuildFile; fileRef = 0B6B02B92B9197920010ED6B /* ColorRawValue.swift */; };
		0B7E4B9D2B8A49A9003BEF4D /* TheBallApp.swift in Sources */ = {isa = PBXBuildFile; fileRef = 0B7E4B9C2B8A49A9003BEF4D /* TheBallApp.swift */; };
		0B7E4B9F2B8A49A9003BEF4D /* ContentView.swift in Sources */ = {isa = PBXBuildFile; fileRef = 0B7E4B9E2B8A49A9003BEF4D /* ContentView.swift */; };
		0B7E4BA12B8A49AB003BEF4D /* Assets.xcassets in Resources */ = {isa = PBXBuildFile; fileRef = 0B7E4BA02B8A49AB003BEF4D /* Assets.xcassets */; };
		0B7E4BA42B8A49AB003BEF4D /* Preview Assets.xcassets in Resources */ = {isa = PBXBuildFile; fileRef = 0B7E4BA32B8A49AB003BEF4D /* Preview Assets.xcassets */; };
		0B7E4BAE2B8A4B75003BEF4D /* DragBallView.swift in Sources */ = {isa = PBXBuildFile; fileRef = 0B7E4BAD2B8A4B75003BEF4D /* DragBallView.swift */; };
		0B7E4BB22B8A532C003BEF4D /* Ball.swift in Sources */ = {isa = PBXBuildFile; fileRef = 0B7E4BB12B8A532C003BEF4D /* Ball.swift */; };
		0B7E4BB42B8A53A9003BEF4D /* AnimateBallView.swift in Sources */ = {isa = PBXBuildFile; fileRef = 0B7E4BB32B8A53A9003BEF4D /* AnimateBallView.swift */; };
		0B7E4BB62B8A53F0003BEF4D /* GradientColorBackground.swift in Sources */ = {isa = PBXBuildFile; fileRef = 0B7E4BB52B8A53F0003BEF4D /* GradientColorBackground.swift */; };
		0B7E4BB82B8A583C003BEF4D /* CustomSlider.swift in Sources */ = {isa = PBXBuildFile; fileRef = 0B7E4BB72B8A583C003BEF4D /* CustomSlider.swift */; };
		0B7E4BBA2B8A6193003BEF4D /* HomeView.swift in Sources */ = {isa = PBXBuildFile; fileRef = 0B7E4BB92B8A6193003BEF4D /* HomeView.swift */; };
		0B7E4BBD2B8A6F66003BEF4D /* ScaleButtonWhenPressedModifier.swift in Sources */ = {isa = PBXBuildFile; fileRef = 0B7E4BBC2B8A6F66003BEF4D /* ScaleButtonWhenPressedModifier.swift */; };
		0B7E4BC02B8A72D2003BEF4D /* Haptics.swift in Sources */ = {isa = PBXBuildFile; fileRef = 0B7E4BBF2B8A72D2003BEF4D /* Haptics.swift */; };
		0B7E4BC32B8B2BE4003BEF4D /* MotionService.swift in Sources */ = {isa = PBXBuildFile; fileRef = 0B7E4BC22B8B2BE4003BEF4D /* MotionService.swift */; };
		0B881DB62B92258C00135644 /* CustomButton.swift in Sources */ = {isa = PBXBuildFile; fileRef = 0B881DB52B92258C00135644 /* CustomButton.swift */; };
/* End PBXBuildFile section */

/* Begin PBXFileReference section */
		0B05968F2B923764006E82D1 /* TipJar.storekit */ = {isa = PBXFileReference; lastKnownFileType = text; path = TipJar.storekit; sourceTree = "<group>"; };
		0B0596902B9238B6006E82D1 /* PropertyList.plist */ = {isa = PBXFileReference; lastKnownFileType = text.plist.xml; path = PropertyList.plist; sourceTree = "<group>"; };
		0B0596922B923970006E82D1 /* StoreKitManager.swift */ = {isa = PBXFileReference; lastKnownFileType = sourcecode.swift; path = StoreKitManager.swift; sourceTree = "<group>"; };
		0B0596942B923AD7006E82D1 /* TipJarView.swift */ = {isa = PBXFileReference; lastKnownFileType = sourcecode.swift; path = TipJarView.swift; sourceTree = "<group>"; };
		0B0596962B93265B006E82D1 /* ExclusiveCardView.swift */ = {isa = PBXFileReference; lastKnownFileType = sourcecode.swift; path = ExclusiveCardView.swift; sourceTree = "<group>"; };
		0B4A8D4D2B8E26FB00A3AF90 /* ScreenshotPreventView.swift */ = {isa = PBXFileReference; lastKnownFileType = sourcecode.swift; path = ScreenshotPreventView.swift; sourceTree = "<group>"; };
		0B4A8D4F2B8E2CFC00A3AF90 /* CanvasView.swift */ = {isa = PBXFileReference; lastKnownFileType = sourcecode.swift; path = CanvasView.swift; sourceTree = "<group>"; };
		0B6B02AB2B912AD80010ED6B /* ColorPresetViewModel.swift */ = {isa = PBXFileReference; lastKnownFileType = sourcecode.swift; path = ColorPresetViewModel.swift; sourceTree = "<group>"; };
		0B6B02B22B913AF80010ED6B /* ColorPreset.swift */ = {isa = PBXFileReference; lastKnownFileType = sourcecode.swift; path = ColorPreset.swift; sourceTree = "<group>"; };
		0B6B02B52B913BA60010ED6B /* ColorPresentContainer.xcdatamodel */ = {isa = PBXFileReference; lastKnownFileType = wrapper.xcdatamodel; path = ColorPresentContainer.xcdatamodel; sourceTree = "<group>"; };
		0B6B02B72B9190E20010ED6B /* SerializableColor.swift */ = {isa = PBXFileReference; lastKnownFileType = sourcecode.swift; path = SerializableColor.swift; sourceTree = "<group>"; };
		0B6B02B92B9197920010ED6B /* ColorRawValue.swift */ = {isa = PBXFileReference; lastKnownFileType = sourcecode.swift; path = ColorRawValue.swift; sourceTree = "<group>"; };
		0B7E4B992B8A49A9003BEF4D /* TheBall.app */ = {isa = PBXFileReference; explicitFileType = wrapper.application; includeInIndex = 0; path = TheBall.app; sourceTree = BUILT_PRODUCTS_DIR; };
		0B7E4B9C2B8A49A9003BEF4D /* TheBallApp.swift */ = {isa = PBXFileReference; lastKnownFileType = sourcecode.swift; path = TheBallApp.swift; sourceTree = "<group>"; };
		0B7E4B9E2B8A49A9003BEF4D /* ContentView.swift */ = {isa = PBXFileReference; lastKnownFileType = sourcecode.swift; path = ContentView.swift; sourceTree = "<group>"; };
		0B7E4BA02B8A49AB003BEF4D /* Assets.xcassets */ = {isa = PBXFileReference; lastKnownFileType = folder.assetcatalog; path = Assets.xcassets; sourceTree = "<group>"; };
		0B7E4BA32B8A49AB003BEF4D /* Preview Assets.xcassets */ = {isa = PBXFileReference; lastKnownFileType = folder.assetcatalog; path = "Preview Assets.xcassets"; sourceTree = "<group>"; };
		0B7E4BAD2B8A4B75003BEF4D /* DragBallView.swift */ = {isa = PBXFileReference; lastKnownFileType = sourcecode.swift; path = DragBallView.swift; sourceTree = "<group>"; };
		0B7E4BB12B8A532C003BEF4D /* Ball.swift */ = {isa = PBXFileReference; lastKnownFileType = sourcecode.swift; path = Ball.swift; sourceTree = "<group>"; };
		0B7E4BB32B8A53A9003BEF4D /* AnimateBallView.swift */ = {isa = PBXFileReference; lastKnownFileType = sourcecode.swift; path = AnimateBallView.swift; sourceTree = "<group>"; };
		0B7E4BB52B8A53F0003BEF4D /* GradientColorBackground.swift */ = {isa = PBXFileReference; lastKnownFileType = sourcecode.swift; path = GradientColorBackground.swift; sourceTree = "<group>"; };
		0B7E4BB72B8A583C003BEF4D /* CustomSlider.swift */ = {isa = PBXFileReference; lastKnownFileType = sourcecode.swift; path = CustomSlider.swift; sourceTree = "<group>"; };
		0B7E4BB92B8A6193003BEF4D /* HomeView.swift */ = {isa = PBXFileReference; lastKnownFileType = sourcecode.swift; path = HomeView.swift; sourceTree = "<group>"; };
		0B7E4BBC2B8A6F66003BEF4D /* ScaleButtonWhenPressedModifier.swift */ = {isa = PBXFileReference; lastKnownFileType = sourcecode.swift; path = ScaleButtonWhenPressedModifier.swift; sourceTree = "<group>"; };
		0B7E4BBF2B8A72D2003BEF4D /* Haptics.swift */ = {isa = PBXFileReference; lastKnownFileType = sourcecode.swift; path = Haptics.swift; sourceTree = "<group>"; };
		0B7E4BC22B8B2BE4003BEF4D /* MotionService.swift */ = {isa = PBXFileReference; lastKnownFileType = sourcecode.swift; path = MotionService.swift; sourceTree = "<group>"; };
		0B881DB52B92258C00135644 /* CustomButton.swift */ = {isa = PBXFileReference; lastKnownFileType = sourcecode.swift; path = CustomButton.swift; sourceTree = "<group>"; };
/* End PBXFileReference section */

/* Begin PBXFrameworksBuildPhase section */
		0B7E4B962B8A49A9003BEF4D /* Frameworks */ = {
			isa = PBXFrameworksBuildPhase;
			buildActionMask = 2147483647;
			files = (
			);
			runOnlyForDeploymentPostprocessing = 0;
		};
/* End PBXFrameworksBuildPhase section */

/* Begin PBXGroup section */
		0B6B02AA2B912AAA0010ED6B /* ViewModels */ = {
			isa = PBXGroup;
			children = (
				0B6B02AB2B912AD80010ED6B /* ColorPresetViewModel.swift */,
			);
			path = ViewModels;
			sourceTree = "<group>";
		};
		0B6B02AD2B912B690010ED6B /* Models */ = {
			isa = PBXGroup;
			children = (
				0B6B02B22B913AF80010ED6B /* ColorPreset.swift */,
			);
			path = Models;
			sourceTree = "<group>";
		};
		0B6B02AE2B912B810010ED6B /* Data */ = {
			isa = PBXGroup;
			children = (
				0B6B02B42B913BA60010ED6B /* ColorPresentContainer.xcdatamodeld */,
				0B05968F2B923764006E82D1 /* TipJar.storekit */,
				0B0596902B9238B6006E82D1 /* PropertyList.plist */,
			);
			path = Data;
			sourceTree = "<group>";
		};
		0B7E4B902B8A49A9003BEF4D = {
			isa = PBXGroup;
			children = (
				0B7E4B9B2B8A49A9003BEF4D /* TheBall */,
				0B7E4B9A2B8A49A9003BEF4D /* Products */,
			);
			sourceTree = "<group>";
		};
		0B7E4B9A2B8A49A9003BEF4D /* Products */ = {
			isa = PBXGroup;
			children = (
				0B7E4B992B8A49A9003BEF4D /* TheBall.app */,
			);
			name = Products;
			sourceTree = "<group>";
		};
		0B7E4B9B2B8A49A9003BEF4D /* TheBall */ = {
			isa = PBXGroup;
			children = (
				0B6B02AE2B912B810010ED6B /* Data */,
				0B6B02AD2B912B690010ED6B /* Models */,
				0B7E4BC12B8B2BD4003BEF4D /* Services */,
				0B7E4BBE2B8A72C9003BEF4D /* Utils */,
				0B7E4BBB2B8A6F50003BEF4D /* Modifiers */,
				0B7E4BAA2B8A4B3A003BEF4D /* Core */,
				0B7E4B9C2B8A49A9003BEF4D /* TheBallApp.swift */,
				0B7E4BA02B8A49AB003BEF4D /* Assets.xcassets */,
				0B7E4BA22B8A49AB003BEF4D /* Preview Content */,
			);
			path = TheBall;
			sourceTree = "<group>";
		};
		0B7E4BA22B8A49AB003BEF4D /* Preview Content */ = {
			isa = PBXGroup;
			children = (
				0B7E4BA32B8A49AB003BEF4D /* Preview Assets.xcassets */,
			);
			path = "Preview Content";
			sourceTree = "<group>";
		};
		0B7E4BAA2B8A4B3A003BEF4D /* Core */ = {
			isa = PBXGroup;
			children = (
				0B7E4BB02B8A52D4003BEF4D /* Components */,
				0B7E4BAF2B8A52CC003BEF4D /* Views */,
				0B6B02AA2B912AAA0010ED6B /* ViewModels */,
			);
			path = Core;
			sourceTree = "<group>";
		};
		0B7E4BAF2B8A52CC003BEF4D /* Views */ = {
			isa = PBXGroup;
			children = (
				0B7E4B9E2B8A49A9003BEF4D /* ContentView.swift */,
				0B7E4BB92B8A6193003BEF4D /* HomeView.swift */,
				0B7E4BAD2B8A4B75003BEF4D /* DragBallView.swift */,
				0B7E4BB32B8A53A9003BEF4D /* AnimateBallView.swift */,
				0B4A8D4F2B8E2CFC00A3AF90 /* CanvasView.swift */,
				0B0596942B923AD7006E82D1 /* TipJarView.swift */,
				0B0596962B93265B006E82D1 /* ExclusiveCardView.swift */,
			);
			path = Views;
			sourceTree = "<group>";
		};
		0B7E4BB02B8A52D4003BEF4D /* Components */ = {
			isa = PBXGroup;
			children = (
				0B7E4BB12B8A532C003BEF4D /* Ball.swift */,
				0B7E4BB52B8A53F0003BEF4D /* GradientColorBackground.swift */,
				0B7E4BB72B8A583C003BEF4D /* CustomSlider.swift */,
				0B881DB52B92258C00135644 /* CustomButton.swift */,
			);
			path = Components;
			sourceTree = "<group>";
		};
		0B7E4BBB2B8A6F50003BEF4D /* Modifiers */ = {
			isa = PBXGroup;
			children = (
				0B7E4BBC2B8A6F66003BEF4D /* ScaleButtonWhenPressedModifier.swift */,
			);
			path = Modifiers;
			sourceTree = "<group>";
		};
		0B7E4BBE2B8A72C9003BEF4D /* Utils */ = {
			isa = PBXGroup;
			children = (
				0B7E4BBF2B8A72D2003BEF4D /* Haptics.swift */,
				0B4A8D4D2B8E26FB00A3AF90 /* ScreenshotPreventView.swift */,
				0B6B02B72B9190E20010ED6B /* SerializableColor.swift */,
				0B6B02B92B9197920010ED6B /* ColorRawValue.swift */,
				0B0596922B923970006E82D1 /* StoreKitManager.swift */,
			);
			path = Utils;
			sourceTree = "<group>";
		};
		0B7E4BC12B8B2BD4003BEF4D /* Services */ = {
			isa = PBXGroup;
			children = (
				0B7E4BC22B8B2BE4003BEF4D /* MotionService.swift */,
			);
			path = Services;
			sourceTree = "<group>";
		};
/* End PBXGroup section */

/* Begin PBXNativeTarget section */
		0B7E4B982B8A49A9003BEF4D /* TheBall */ = {
			isa = PBXNativeTarget;
			buildConfigurationList = 0B7E4BA72B8A49AB003BEF4D /* Build configuration list for PBXNativeTarget "TheBall" */;
			buildPhases = (
				0B7E4B952B8A49A9003BEF4D /* Sources */,
				0B7E4B962B8A49A9003BEF4D /* Frameworks */,
				0B7E4B972B8A49A9003BEF4D /* Resources */,
			);
			buildRules = (
			);
			dependencies = (
			);
			name = TheBall;
			productName = TheBall;
			productReference = 0B7E4B992B8A49A9003BEF4D /* TheBall.app */;
			productType = "com.apple.product-type.application";
		};
/* End PBXNativeTarget section */

/* Begin PBXProject section */
		0B7E4B912B8A49A9003BEF4D /* Project object */ = {
			isa = PBXProject;
			attributes = {
				BuildIndependentTargetsInParallel = 1;
				LastSwiftUpdateCheck = 1520;
				LastUpgradeCheck = 1520;
				TargetAttributes = {
					0B7E4B982B8A49A9003BEF4D = {
						CreatedOnToolsVersion = 15.2;
					};
				};
			};
			buildConfigurationList = 0B7E4B942B8A49A9003BEF4D /* Build configuration list for PBXProject "TheBall" */;
			compatibilityVersion = "Xcode 14.0";
			developmentRegion = en;
			hasScannedForEncodings = 0;
			knownRegions = (
				en,
				Base,
			);
			mainGroup = 0B7E4B902B8A49A9003BEF4D;
			productRefGroup = 0B7E4B9A2B8A49A9003BEF4D /* Products */;
			projectDirPath = "";
			projectRoot = "";
			targets = (
				0B7E4B982B8A49A9003BEF4D /* TheBall */,
			);
		};
/* End PBXProject section */

/* Begin PBXResourcesBuildPhase section */
		0B7E4B972B8A49A9003BEF4D /* Resources */ = {
			isa = PBXResourcesBuildPhase;
			buildActionMask = 2147483647;
			files = (
				0B7E4BA42B8A49AB003BEF4D /* Preview Assets.xcassets in Resources */,
				0B0596912B9238B6006E82D1 /* PropertyList.plist in Resources */,
				0B7E4BA12B8A49AB003BEF4D /* Assets.xcassets in Resources */,
			);
			runOnlyForDeploymentPostprocessing = 0;
		};
/* End PBXResourcesBuildPhase section */

/* Begin PBXSourcesBuildPhase section */
		0B7E4B952B8A49A9003BEF4D /* Sources */ = {
			isa = PBXSourcesBuildPhase;
			buildActionMask = 2147483647;
			files = (
				0B7E4BB22B8A532C003BEF4D /* Ball.swift in Sources */,
				0B881DB62B92258C00135644 /* CustomButton.swift in Sources */,
				0B6B02B62B913BA60010ED6B /* ColorPresentContainer.xcdatamodeld in Sources */,
				0B7E4BB82B8A583C003BEF4D /* CustomSlider.swift in Sources */,
				0B0596932B923970006E82D1 /* StoreKitManager.swift in Sources */,
				0B4A8D502B8E2CFC00A3AF90 /* CanvasView.swift in Sources */,
				0B0596952B923AD7006E82D1 /* TipJarView.swift in Sources */,
				0B6B02B82B9190E20010ED6B /* SerializableColor.swift in Sources */,
				0B7E4BC02B8A72D2003BEF4D /* Haptics.swift in Sources */,
				0B4A8D4E2B8E26FB00A3AF90 /* ScreenshotPreventView.swift in Sources */,
				0B7E4BAE2B8A4B75003BEF4D /* DragBallView.swift in Sources */,
				0B7E4B9F2B8A49A9003BEF4D /* ContentView.swift in Sources */,
				0B7E4BB42B8A53A9003BEF4D /* AnimateBallView.swift in Sources */,
				0B7E4BC32B8B2BE4003BEF4D /* MotionService.swift in Sources */,
				0B6B02AC2B912AD80010ED6B /* ColorPresetViewModel.swift in Sources */,
				0B7E4BBA2B8A6193003BEF4D /* HomeView.swift in Sources */,
				0B7E4BBD2B8A6F66003BEF4D /* ScaleButtonWhenPressedModifier.swift in Sources */,
				0B0596972B93265B006E82D1 /* ExclusiveCardView.swift in Sources */,
				0B6B02BA2B9197920010ED6B /* ColorRawValue.swift in Sources */,
				0B7E4B9D2B8A49A9003BEF4D /* TheBallApp.swift in Sources */,
				0B6B02B32B913AF80010ED6B /* ColorPreset.swift in Sources */,
				0B7E4BB62B8A53F0003BEF4D /* GradientColorBackground.swift in Sources */,
			);
			runOnlyForDeploymentPostprocessing = 0;
		};
/* End PBXSourcesBuildPhase section */

/* Begin XCBuildConfiguration section */
		0B7E4BA52B8A49AB003BEF4D /* Debug */ = {
			isa = XCBuildConfiguration;
			buildSettings = {
				ALWAYS_SEARCH_USER_PATHS = NO;
				ASSETCATALOG_COMPILER_GENERATE_SWIFT_ASSET_SYMBOL_EXTENSIONS = YES;
				CLANG_ANALYZER_NONNULL = YES;
				CLANG_ANALYZER_NUMBER_OBJECT_CONVERSION = YES_AGGRESSIVE;
				CLANG_CXX_LANGUAGE_STANDARD = "gnu++20";
				CLANG_ENABLE_MODULES = YES;
				CLANG_ENABLE_OBJC_ARC = YES;
				CLANG_ENABLE_OBJC_WEAK = YES;
				CLANG_WARN_BLOCK_CAPTURE_AUTORELEASING = YES;
				CLANG_WARN_BOOL_CONVERSION = YES;
				CLANG_WARN_COMMA = YES;
				CLANG_WARN_CONSTANT_CONVERSION = YES;
				CLANG_WARN_DEPRECATED_OBJC_IMPLEMENTATIONS = YES;
				CLANG_WARN_DIRECT_OBJC_ISA_USAGE = YES_ERROR;
				CLANG_WARN_DOCUMENTATION_COMMENTS = YES;
				CLANG_WARN_EMPTY_BODY = YES;
				CLANG_WARN_ENUM_CONVERSION = YES;
				CLANG_WARN_INFINITE_RECURSION = YES;
				CLANG_WARN_INT_CONVERSION = YES;
				CLANG_WARN_NON_LITERAL_NULL_CONVERSION = YES;
				CLANG_WARN_OBJC_IMPLICIT_RETAIN_SELF = YES;
				CLANG_WARN_OBJC_LITERAL_CONVERSION = YES;
				CLANG_WARN_OBJC_ROOT_CLASS = YES_ERROR;
				CLANG_WARN_QUOTED_INCLUDE_IN_FRAMEWORK_HEADER = YES;
				CLANG_WARN_RANGE_LOOP_ANALYSIS = YES;
				CLANG_WARN_STRICT_PROTOTYPES = YES;
				CLANG_WARN_SUSPICIOUS_MOVE = YES;
				CLANG_WARN_UNGUARDED_AVAILABILITY = YES_AGGRESSIVE;
				CLANG_WARN_UNREACHABLE_CODE = YES;
				CLANG_WARN__DUPLICATE_METHOD_MATCH = YES;
				COPY_PHASE_STRIP = NO;
				DEBUG_INFORMATION_FORMAT = dwarf;
				ENABLE_STRICT_OBJC_MSGSEND = YES;
				ENABLE_TESTABILITY = YES;
				ENABLE_USER_SCRIPT_SANDBOXING = YES;
				GCC_C_LANGUAGE_STANDARD = gnu17;
				GCC_DYNAMIC_NO_PIC = NO;
				GCC_NO_COMMON_BLOCKS = YES;
				GCC_OPTIMIZATION_LEVEL = 0;
				GCC_PREPROCESSOR_DEFINITIONS = (
					"DEBUG=1",
					"$(inherited)",
				);
				GCC_WARN_64_TO_32_BIT_CONVERSION = YES;
				GCC_WARN_ABOUT_RETURN_TYPE = YES_ERROR;
				GCC_WARN_UNDECLARED_SELECTOR = YES;
				GCC_WARN_UNINITIALIZED_AUTOS = YES_AGGRESSIVE;
				GCC_WARN_UNUSED_FUNCTION = YES;
				GCC_WARN_UNUSED_VARIABLE = YES;
				IPHONEOS_DEPLOYMENT_TARGET = 16.0;
				LOCALIZATION_PREFERS_STRING_CATALOGS = YES;
				MTL_ENABLE_DEBUG_INFO = INCLUDE_SOURCE;
				MTL_FAST_MATH = YES;
				ONLY_ACTIVE_ARCH = YES;
				SDKROOT = iphoneos;
				SWIFT_ACTIVE_COMPILATION_CONDITIONS = "DEBUG $(inherited)";
				SWIFT_OPTIMIZATION_LEVEL = "-Onone";
			};
			name = Debug;
		};
		0B7E4BA62B8A49AB003BEF4D /* Release */ = {
			isa = XCBuildConfiguration;
			buildSettings = {
				ALWAYS_SEARCH_USER_PATHS = NO;
				ASSETCATALOG_COMPILER_GENERATE_SWIFT_ASSET_SYMBOL_EXTENSIONS = YES;
				CLANG_ANALYZER_NONNULL = YES;
				CLANG_ANALYZER_NUMBER_OBJECT_CONVERSION = YES_AGGRESSIVE;
				CLANG_CXX_LANGUAGE_STANDARD = "gnu++20";
				CLANG_ENABLE_MODULES = YES;
				CLANG_ENABLE_OBJC_ARC = YES;
				CLANG_ENABLE_OBJC_WEAK = YES;
				CLANG_WARN_BLOCK_CAPTURE_AUTORELEASING = YES;
				CLANG_WARN_BOOL_CONVERSION = YES;
				CLANG_WARN_COMMA = YES;
				CLANG_WARN_CONSTANT_CONVERSION = YES;
				CLANG_WARN_DEPRECATED_OBJC_IMPLEMENTATIONS = YES;
				CLANG_WARN_DIRECT_OBJC_ISA_USAGE = YES_ERROR;
				CLANG_WARN_DOCUMENTATION_COMMENTS = YES;
				CLANG_WARN_EMPTY_BODY = YES;
				CLANG_WARN_ENUM_CONVERSION = YES;
				CLANG_WARN_INFINITE_RECURSION = YES;
				CLANG_WARN_INT_CONVERSION = YES;
				CLANG_WARN_NON_LITERAL_NULL_CONVERSION = YES;
				CLANG_WARN_OBJC_IMPLICIT_RETAIN_SELF = YES;
				CLANG_WARN_OBJC_LITERAL_CONVERSION = YES;
				CLANG_WARN_OBJC_ROOT_CLASS = YES_ERROR;
				CLANG_WARN_QUOTED_INCLUDE_IN_FRAMEWORK_HEADER = YES;
				CLANG_WARN_RANGE_LOOP_ANALYSIS = YES;
				CLANG_WARN_STRICT_PROTOTYPES = YES;
				CLANG_WARN_SUSPICIOUS_MOVE = YES;
				CLANG_WARN_UNGUARDED_AVAILABILITY = YES_AGGRESSIVE;
				CLANG_WARN_UNREACHABLE_CODE = YES;
				CLANG_WARN__DUPLICATE_METHOD_MATCH = YES;
				COPY_PHASE_STRIP = NO;
				DEBUG_INFORMATION_FORMAT = "dwarf-with-dsym";
				ENABLE_NS_ASSERTIONS = NO;
				ENABLE_STRICT_OBJC_MSGSEND = YES;
				ENABLE_USER_SCRIPT_SANDBOXING = YES;
				GCC_C_LANGUAGE_STANDARD = gnu17;
				GCC_NO_COMMON_BLOCKS = YES;
				GCC_WARN_64_TO_32_BIT_CONVERSION = YES;
				GCC_WARN_ABOUT_RETURN_TYPE = YES_ERROR;
				GCC_WARN_UNDECLARED_SELECTOR = YES;
				GCC_WARN_UNINITIALIZED_AUTOS = YES_AGGRESSIVE;
				GCC_WARN_UNUSED_FUNCTION = YES;
				GCC_WARN_UNUSED_VARIABLE = YES;
				IPHONEOS_DEPLOYMENT_TARGET = 16.0;
				LOCALIZATION_PREFERS_STRING_CATALOGS = YES;
				MTL_ENABLE_DEBUG_INFO = NO;
				MTL_FAST_MATH = YES;
				SDKROOT = iphoneos;
				SWIFT_COMPILATION_MODE = wholemodule;
				VALIDATE_PRODUCT = YES;
			};
			name = Release;
		};
		0B7E4BA82B8A49AB003BEF4D /* Debug */ = {
			isa = XCBuildConfiguration;
			buildSettings = {
				ASSETCATALOG_COMPILER_APPICON_NAME = AppIcon;
				ASSETCATALOG_COMPILER_GLOBAL_ACCENT_COLOR_NAME = AccentColor;
				CODE_SIGN_STYLE = Automatic;
				CURRENT_PROJECT_VERSION = 1;
				DEVELOPMENT_ASSET_PATHS = "\"TheBall/Preview Content\"";
				DEVELOPMENT_TEAM = 8N67823U6B;
				ENABLE_PREVIEWS = YES;
				GENERATE_INFOPLIST_FILE = YES;
				INFOPLIST_KEY_CFBundleDisplayName = "The Ball";
				INFOPLIST_KEY_NSPhotoLibraryAddUsageDescription = "We want to save the screenshot";
				INFOPLIST_KEY_UIApplicationSceneManifest_Generation = YES;
				INFOPLIST_KEY_UIApplicationSupportsIndirectInputEvents = YES;
				INFOPLIST_KEY_UILaunchScreen_Generation = YES;
				INFOPLIST_KEY_UISupportedInterfaceOrientations_iPad = "UIInterfaceOrientationPortrait UIInterfaceOrientationPortraitUpsideDown UIInterfaceOrientationLandscapeLeft UIInterfaceOrientationLandscapeRight";
				INFOPLIST_KEY_UISupportedInterfaceOrientations_iPhone = "UIInterfaceOrientationPortrait UIInterfaceOrientationLandscapeLeft UIInterfaceOrientationLandscapeRight";
				IPHONEOS_DEPLOYMENT_TARGET = 16.0;
				LD_RUNPATH_SEARCH_PATHS = (
					"$(inherited)",
					"@executable_path/Frameworks",
				);
				MARKETING_VERSION = 1.0;
				PRODUCT_BUNDLE_IDENTIFIER = com.tohkarle.TheBall;
				PRODUCT_NAME = "$(TARGET_NAME)";
				SWIFT_EMIT_LOC_STRINGS = YES;
				SWIFT_VERSION = 5.0;
				TARGETED_DEVICE_FAMILY = "1,2";
			};
			name = Debug;
		};
		0B7E4BA92B8A49AB003BEF4D /* Release */ = {
			isa = XCBuildConfiguration;
			buildSettings = {
				ASSETCATALOG_COMPILER_APPICON_NAME = AppIcon;
				ASSETCATALOG_COMPILER_GLOBAL_ACCENT_COLOR_NAME = AccentColor;
				CODE_SIGN_STYLE = Automatic;
				CURRENT_PROJECT_VERSION = 1;
				DEVELOPMENT_ASSET_PATHS = "\"TheBall/Preview Content\"";
				DEVELOPMENT_TEAM = 8N67823U6B;
				ENABLE_PREVIEWS = YES;
				GENERATE_INFOPLIST_FILE = YES;
				INFOPLIST_KEY_CFBundleDisplayName = "The Ball";
				INFOPLIST_KEY_NSPhotoLibraryAddUsageDescription = "We want to save the screenshot";
				INFOPLIST_KEY_UIApplicationSceneManifest_Generation = YES;
				INFOPLIST_KEY_UIApplicationSupportsIndirectInputEvents = YES;
				INFOPLIST_KEY_UILaunchScreen_Generation = YES;
				INFOPLIST_KEY_UISupportedInterfaceOrientations_iPad = "UIInterfaceOrientationPortrait UIInterfaceOrientationPortraitUpsideDown UIInterfaceOrientationLandscapeLeft UIInterfaceOrientationLandscapeRight";
				INFOPLIST_KEY_UISupportedInterfaceOrientations_iPhone = "UIInterfaceOrientationPortrait UIInterfaceOrientationLandscapeLeft UIInterfaceOrientationLandscapeRight";
				IPHONEOS_DEPLOYMENT_TARGET = 16.0;
				LD_RUNPATH_SEARCH_PATHS = (
					"$(inherited)",
					"@executable_path/Frameworks",
				);
				MARKETING_VERSION = 1.0;
				PRODUCT_BUNDLE_IDENTIFIER = com.tohkarle.TheBall;
				PRODUCT_NAME = "$(TARGET_NAME)";
				SWIFT_EMIT_LOC_STRINGS = YES;
				SWIFT_VERSION = 5.0;
				TARGETED_DEVICE_FAMILY = "1,2";
			};
			name = Release;
		};
/* End XCBuildConfiguration section */

/* Begin XCConfigurationList section */
		0B7E4B942B8A49A9003BEF4D /* Build configuration list for PBXProject "TheBall" */ = {
			isa = XCConfigurationList;
			buildConfigurations = (
				0B7E4BA52B8A49AB003BEF4D /* Debug */,
				0B7E4BA62B8A49AB003BEF4D /* Release */,
			);
			defaultConfigurationIsVisible = 0;
			defaultConfigurationName = Release;
		};
		0B7E4BA72B8A49AB003BEF4D /* Build configuration list for PBXNativeTarget "TheBall" */ = {
			isa = XCConfigurationList;
			buildConfigurations = (
				0B7E4BA82B8A49AB003BEF4D /* Debug */,
				0B7E4BA92B8A49AB003BEF4D /* Release */,
			);
			defaultConfigurationIsVisible = 0;
			defaultConfigurationName = Release;
		};
/* End XCConfigurationList section */

/* Begin XCVersionGroup section */
		0B6B02B42B913BA60010ED6B /* ColorPresentContainer.xcdatamodeld */ = {
			isa = XCVersionGroup;
			children = (
				0B6B02B52B913BA60010ED6B /* ColorPresentContainer.xcdatamodel */,
			);
			currentVersion = 0B6B02B52B913BA60010ED6B /* ColorPresentContainer.xcdatamodel */;
			path = ColorPresentContainer.xcdatamodeld;
			sourceTree = "<group>";
			versionGroupType = wrapper.xcdatamodel;
		};
/* End XCVersionGroup section */
	};
	rootObject = 0B7E4B912B8A49A9003BEF4D /* Project object */;
}
